// !$*UTF8*$!
{
	archiveVersion = 1;
	classes = {
	};
	objectVersion = 50;
	objects = {

/* Begin PBXBuildFile section */
		766A70B12290A22400294C0C /* AppDelegate.swift in Sources */ = {isa = PBXBuildFile; fileRef = 766A70B02290A22400294C0C /* AppDelegate.swift */; };
		766A70B32290A22400294C0C /* ViewController.swift in Sources */ = {isa = PBXBuildFile; fileRef = 766A70B22290A22400294C0C /* ViewController.swift */; };
		766A70B62290A22400294C0C /* Main.storyboard in Resources */ = {isa = PBXBuildFile; fileRef = 766A70B42290A22400294C0C /* Main.storyboard */; };
		766A70B82290A22600294C0C /* Assets.xcassets in Resources */ = {isa = PBXBuildFile; fileRef = 766A70B72290A22600294C0C /* Assets.xcassets */; };
		766A70BB2290A22600294C0C /* LaunchScreen.storyboard in Resources */ = {isa = PBXBuildFile; fileRef = 766A70B92290A22600294C0C /* LaunchScreen.storyboard */; };
		766A70C32290A2D100294C0C /* ViewFactory.swift in Sources */ = {isa = PBXBuildFile; fileRef = 766A70C22290A2D100294C0C /* ViewFactory.swift */; };
		766A70C62290A2F400294C0C /* LoadingOverlay.swift in Sources */ = {isa = PBXBuildFile; fileRef = 766A70C52290A2F400294C0C /* LoadingOverlay.swift */; };
/* End PBXBuildFile section */

/* Begin PBXFileReference section */
		766A70AD2290A22400294C0C /* LoadingOverlay.app */ = {isa = PBXFileReference; explicitFileType = wrapper.application; includeInIndex = 0; path = LoadingOverlay.app; sourceTree = BUILT_PRODUCTS_DIR; };
		766A70B02290A22400294C0C /* AppDelegate.swift */ = {isa = PBXFileReference; lastKnownFileType = sourcecode.swift; path = AppDelegate.swift; sourceTree = "<group>"; };
		766A70B22290A22400294C0C /* ViewController.swift */ = {isa = PBXFileReference; lastKnownFileType = sourcecode.swift; path = ViewController.swift; sourceTree = "<group>"; };
		766A70B52290A22400294C0C /* Base */ = {isa = PBXFileReference; lastKnownFileType = file.storyboard; name = Base; path = Base.lproj/Main.storyboard; sourceTree = "<group>"; };
		766A70B72290A22600294C0C /* Assets.xcassets */ = {isa = PBXFileReference; lastKnownFileType = folder.assetcatalog; path = Assets.xcassets; sourceTree = "<group>"; };
		766A70BA2290A22600294C0C /* Base */ = {isa = PBXFileReference; lastKnownFileType = file.storyboard; name = Base; path = Base.lproj/LaunchScreen.storyboard; sourceTree = "<group>"; };
		766A70BC2290A22600294C0C /* Info.plist */ = {isa = PBXFileReference; lastKnownFileType = text.plist.xml; path = Info.plist; sourceTree = "<group>"; };
		766A70C22290A2D100294C0C /* ViewFactory.swift */ = {isa = PBXFileReference; fileEncoding = 4; lastKnownFileType = sourcecode.swift; path = ViewFactory.swift; sourceTree = "<group>"; };
		766A70C52290A2F400294C0C /* LoadingOverlay.swift */ = {isa = PBXFileReference; lastKnownFileType = sourcecode.swift; path = LoadingOverlay.swift; sourceTree = "<group>"; };
/* End PBXFileReference section */

/* Begin PBXFrameworksBuildPhase section */
		766A70AA2290A22400294C0C /* Frameworks */ = {
			isa = PBXFrameworksBuildPhase;
			buildActionMask = 2147483647;
			files = (
			);
			runOnlyForDeploymentPostprocessing = 0;
		};
/* End PBXFrameworksBuildPhase section */

/* Begin PBXGroup section */
		766A70A42290A22300294C0C = {
			isa = PBXGroup;
			children = (
				766A70AF2290A22400294C0C /* LoadingOverlay */,
				766A70AE2290A22400294C0C /* Products */,
			);
			sourceTree = "<group>";
		};
		766A70AE2290A22400294C0C /* Products */ = {
			isa = PBXGroup;
			children = (
				766A70AD2290A22400294C0C /* LoadingOverlay.app */,
			);
			name = Products;
			sourceTree = "<group>";
		};
		766A70AF2290A22400294C0C /* LoadingOverlay */ = {
			isa = PBXGroup;
			children = (
				766A70C42290A2D600294C0C /* Loader */,
				766A70B02290A22400294C0C /* AppDelegate.swift */,
				766A70B22290A22400294C0C /* ViewController.swift */,
				766A70B42290A22400294C0C /* Main.storyboard */,
				766A70B72290A22600294C0C /* Assets.xcassets */,
				766A70B92290A22600294C0C /* LaunchScreen.storyboard */,
				766A70BC2290A22600294C0C /* Info.plist */,
			);
			path = LoadingOverlay;
			sourceTree = "<group>";
		};
		766A70C42290A2D600294C0C /* Loader */ = {
			isa = PBXGroup;
			children = (
				766A70C22290A2D100294C0C /* ViewFactory.swift */,
				766A70C52290A2F400294C0C /* LoadingOverlay.swift */,
			);
			path = Loader;
			sourceTree = "<group>";
		};
/* End PBXGroup section */

/* Begin PBXNativeTarget section */
		766A70AC2290A22400294C0C /* LoadingOverlay */ = {
			isa = PBXNativeTarget;
			buildConfigurationList = 766A70BF2290A22600294C0C /* Build configuration list for PBXNativeTarget "LoadingOverlay" */;
			buildPhases = (
				766A70A92290A22400294C0C /* Sources */,
				766A70AA2290A22400294C0C /* Frameworks */,
				766A70AB2290A22400294C0C /* Resources */,
			);
			buildRules = (
			);
			dependencies = (
			);
			name = LoadingOverlay;
			productName = LoadingOverlay;
			productReference = 766A70AD2290A22400294C0C /* LoadingOverlay.app */;
			productType = "com.apple.product-type.application";
		};
/* End PBXNativeTarget section */

/* Begin PBXProject section */
		766A70A52290A22300294C0C /* Project object */ = {
			isa = PBXProject;
			attributes = {
				LastSwiftUpdateCheck = 1020;
				LastUpgradeCheck = 1020;
				ORGANIZATIONNAME = anoop;
				TargetAttributes = {
					766A70AC2290A22400294C0C = {
						CreatedOnToolsVersion = 10.2;
					};
				};
			};
			buildConfigurationList = 766A70A82290A22300294C0C /* Build configuration list for PBXProject "LoadingOverlay" */;
			compatibilityVersion = "Xcode 9.3";
			developmentRegion = en;
			hasScannedForEncodings = 0;
			knownRegions = (
				en,
				Base,
			);
			mainGroup = 766A70A42290A22300294C0C;
			productRefGroup = 766A70AE2290A22400294C0C /* Products */;
			projectDirPath = "";
			projectRoot = "";
			targets = (
				766A70AC2290A22400294C0C /* LoadingOverlay */,
			);
		};
/* End PBXProject section */

/* Begin PBXResourcesBuildPhase section */
		766A70AB2290A22400294C0C /* Resources */ = {
			isa = PBXResourcesBuildPhase;
			buildActionMask = 2147483647;
			files = (
				766A70BB2290A22600294C0C /* LaunchScreen.storyboard in Resources */,
				766A70B82290A22600294C0C /* Assets.xcassets in Resources */,
				766A70B62290A22400294C0C /* Main.storyboard in Resources */,
			);
			runOnlyForDeploymentPostprocessing = 0;
		};
/* End PBXResourcesBuildPhase section */

/* Begin PBXSourcesBuildPhase section */
		766A70A92290A22400294C0C /* Sources */ = {
			isa = PBXSourcesBuildPhase;
			buildActionMask = 2147483647;
			files = (
				766A70B32290A22400294C0C /* ViewController.swift in Sources */,
				766A70C32290A2D100294C0C /* ViewFactory.swift in Sources */,
				766A70B12290A22400294C0C /* AppDelegate.swift in Sources */,
				766A70C62290A2F400294C0C /* LoadingOverlay.swift in Sources */,
			);
			runOnlyForDeploymentPostprocessing = 0;
		};
/* End PBXSourcesBuildPhase section */

/* Begin PBXVariantGroup section */
		766A70B42290A22400294C0C /* Main.storyboard */ = {
			isa = PBXVariantGroup;
			children = (
				766A70B52290A22400294C0C /* Base */,
			);
			name = Main.storyboard;
			sourceTree = "<group>";
		};
		766A70B92290A22600294C0C /* LaunchScreen.storyboard */ = {
			isa = PBXVariantGroup;
			children = (
				766A70BA2290A22600294C0C /* Base */,
			);
			name = LaunchScreen.storyboard;
			sourceTree = "<group>";
		};
/* End PBXVariantGroup section */

/* Begin XCBuildConfiguration section */
		766A70BD2290A22600294C0C /* Debug */ = {
			isa = XCBuildConfiguration;
			buildSettings = {
				ALWAYS_SEARCH_USER_PATHS = NO;
				CLANG_ANALYZER_NONNULL = YES;
				CLANG_ANALYZER_NUMBER_OBJECT_CONVERSION = YES_AGGRESSIVE;
				CLANG_CXX_LANGUAGE_STANDARD = "gnu++14";
				CLANG_CXX_LIBRARY = "libc++";
				CLANG_ENABLE_MODULES = YES;
				CLANG_ENABLE_OBJC_ARC = YES;
				CLANG_ENABLE_OBJC_WEAK = YES;
				CLANG_WARN_BLOCK_CAPTURE_AUTORELEASING = YES;
				CLANG_WARN_BOOL_CONVERSION = YES;
				CLANG_WARN_COMMA = YES;
				CLANG_WARN_CONSTANT_CONVERSION = YES;
				CLANG_WARN_DEPRECATED_OBJC_IMPLEMENTATIONS = YES;
				CLANG_WARN_DIRECT_OBJC_ISA_USAGE = YES_ERROR;
				CLANG_WARN_DOCUMENTATION_COMMENTS = YES;
				CLANG_WARN_EMPTY_BODY = YES;
				CLANG_WARN_ENUM_CONVERSION = YES;
				CLANG_WARN_INFINITE_RECURSION = YES;
				CLANG_WARN_INT_CONVERSION = YES;
				CLANG_WARN_NON_LITERAL_NULL_CONVERSION = YES;
				CLANG_WARN_OBJC_IMPLICIT_RETAIN_SELF = YES;
				CLANG_WARN_OBJC_LITERAL_CONVERSION = YES;
				CLANG_WARN_OBJC_ROOT_CLASS = YES_ERROR;
				CLANG_WARN_RANGE_LOOP_ANALYSIS = YES;
				CLANG_WARN_STRICT_PROTOTYPES = YES;
				CLANG_WARN_SUSPICIOUS_MOVE = YES;
				CLANG_WARN_UNGUARDED_AVAILABILITY = YES_AGGRESSIVE;
				CLANG_WARN_UNREACHABLE_CODE = YES;
				CLANG_WARN__DUPLICATE_METHOD_MATCH = YES;
				CODE_SIGN_IDENTITY = "iPhone Developer";
				COPY_PHASE_STRIP = NO;
				DEBUG_INFORMATION_FORMAT = dwarf;
				ENABLE_STRICT_OBJC_MSGSEND = YES;
				ENABLE_TESTABILITY = YES;
				GCC_C_LANGUAGE_STANDARD = gnu11;
				GCC_DYNAMIC_NO_PIC = NO;
				GCC_NO_COMMON_BLOCKS = YES;
				GCC_OPTIMIZATION_LEVEL = 0;
				GCC_PREPROCESSOR_DEFINITIONS = (
					"DEBUG=1",
					"$(inherited)",
				);
				GCC_WARN_64_TO_32_BIT_CONVERSION = YES;
				GCC_WARN_ABOUT_RETURN_TYPE = YES_ERROR;
				GCC_WARN_UNDECLARED_SELECTOR = YES;
				GCC_WARN_UNINITIALIZED_AUTOS = YES_AGGRESSIVE;
				GCC_WARN_UNUSED_FUNCTION = YES;
				GCC_WARN_UNUSED_VARIABLE = YES;
				IPHONEOS_DEPLOYMENT_TARGET = 12.2;
				MTL_ENABLE_DEBUG_INFO = INCLUDE_SOURCE;
				MTL_FAST_MATH = YES;
				ONLY_ACTIVE_ARCH = YES;
				SDKROOT = iphoneos;
				SWIFT_ACTIVE_COMPILATION_CONDITIONS = DEBUG;
				SWIFT_OPTIMIZATION_LEVEL = "-Onone";
			};
			name = Debug;
		};
		766A70BE2290A22600294C0C /* Release */ = {
			isa = XCBuildConfiguration;
			buildSettings = {
				ALWAYS_SEARCH_USER_PATHS = NO;
				CLANG_ANALYZER_NONNULL = YES;
				CLANG_ANALYZER_NUMBER_OBJECT_CONVERSION = YES_AGGRESSIVE;
				CLANG_CXX_LANGUAGE_STANDARD = "gnu++14";
				CLANG_CXX_LIBRARY = "libc++";
				CLANG_ENABLE_MODULES = YES;
				CLANG_ENABLE_OBJC_ARC = YES;
				CLANG_ENABLE_OBJC_WEAK = YES;
				CLANG_WARN_BLOCK_CAPTURE_AUTORELEASING = YES;
				CLANG_WARN_BOOL_CONVERSION = YES;
				CLANG_WARN_COMMA = YES;
				CLANG_WARN_CONSTANT_CONVERSION = YES;
				CLANG_WARN_DEPRECATED_OBJC_IMPLEMENTATIONS = YES;
				CLANG_WARN_DIRECT_OBJC_ISA_USAGE = YES_ERROR;
				CLANG_WARN_DOCUMENTATION_COMMENTS = YES;
				CLANG_WARN_EMPTY_BODY = YES;
				CLANG_WARN_ENUM_CONVERSION = YES;
				CLANG_WARN_INFINITE_RECURSION = YES;
				CLANG_WARN_INT_CONVERSION = YES;
				CLANG_WARN_NON_LITERAL_NULL_CONVERSION = YES;
				CLANG_WARN_OBJC_IMPLICIT_RETAIN_SELF = YES;
				CLANG_WARN_OBJC_LITERAL_CONVERSION = YES;
				CLANG_WARN_OBJC_ROOT_CLASS = YES_ERROR;
				CLANG_WARN_RANGE_LOOP_ANALYSIS = YES;
				CLANG_WARN_STRICT_PROTOTYPES = YES;
				CLANG_WARN_SUSPICIOUS_MOVE = YES;
				CLANG_WARN_UNGUARDED_AVAILABILITY = YES_AGGRESSIVE;
				CLANG_WARN_UNREACHABLE_CODE = YES;
				CLANG_WARN__DUPLICATE_METHOD_MATCH = YES;
				CODE_SIGN_IDENTITY = "iPhone Developer";
				COPY_PHASE_STRIP = NO;
				DEBUG_INFORMATION_FORMAT = "dwarf-with-dsym";
				ENABLE_NS_ASSERTIONS = NO;
				ENABLE_STRICT_OBJC_MSGSEND = YES;
				GCC_C_LANGUAGE_STANDARD = gnu11;
				GCC_NO_COMMON_BLOCKS = YES;
				GCC_WARN_64_TO_32_BIT_CONVERSION = YES;
				GCC_WARN_ABOUT_RETURN_TYPE = YES_ERROR;
				GCC_WARN_UNDECLARED_SELECTOR = YES;
				GCC_WARN_UNINITIALIZED_AUTOS = YES_AGGRESSIVE;
				GCC_WARN_UNUSED_FUNCTION = YES;
				GCC_WARN_UNUSED_VARIABLE = YES;
				IPHONEOS_DEPLOYMENT_TARGET = 12.2;
				MTL_ENABLE_DEBUG_INFO = NO;
				MTL_FAST_MATH = YES;
				SDKROOT = iphoneos;
				SWIFT_COMPILATION_MODE = wholemodule;
				SWIFT_OPTIMIZATION_LEVEL = "-O";
				VALIDATE_PRODUCT = YES;
			};
			name = Release;
		};
		766A70C02290A22600294C0C /* Debug */ = {
			isa = XCBuildConfiguration;
			buildSettings = {
				ASSETCATALOG_COMPILER_APPICON_NAME = AppIcon;
				CODE_SIGN_STYLE = Automatic;
				DEVELOPMENT_TEAM = "";
				INFOPLIST_FILE = LoadingOverlay/Info.plist;
				IPHONEOS_DEPLOYMENT_TARGET = 12.1;
				LD_RUNPATH_SEARCH_PATHS = (
					"$(inherited)",
					"@executable_path/Frameworks",
				);
				PRODUCT_BUNDLE_IDENTIFIER = com.anoop.LoadingOverlay;
				PRODUCT_NAME = "$(TARGET_NAME)";
				SWIFT_VERSION = 4.2;
				TARGETED_DEVICE_FAMILY = "1,2";
			};
			name = Debug;
		};
		766A70C12290A22600294C0C /* Release */ = {
			isa = XCBuildConfiguration;
			buildSettings = {
				ASSETCATALOG_COMPILER_APPICON_NAME = AppIcon;
				CODE_SIGN_STYLE = Automatic;
				DEVELOPMENT_TEAM = "";
				INFOPLIST_FILE = LoadingOverlay/Info.plist;
				IPHONEOS_DEPLOYMENT_TARGET = 12.1;
				LD_RUNPATH_SEARCH_PATHS = (
					"$(inherited)",
					"@executable_path/Frameworks",
				);
				PRODUCT_BUNDLE_IDENTIFIER = com.anoop.LoadingOverlay;
				PRODUCT_NAME = "$(TARGET_NAME)";
				SWIFT_VERSION = 4.2;
				TARGETED_DEVICE_FAMILY = "1,2";
			};
			name = Release;
		};
/* End XCBuildConfiguration section */

/* Begin XCConfigurationList section */
		766A70A82290A22300294C0C /* Build configuration list for PBXProject "LoadingOverlay" */ = {
			isa = XCConfigurationList;
			buildConfigurations = (
				766A70BD2290A22600294C0C /* Debug */,
				766A70BE2290A22600294C0C /* Release */,
			);
			defaultConfigurationIsVisible = 0;
			defaultConfigurationName = Release;
		};
		766A70BF2290A22600294C0C /* Build configuration list for PBXNativeTarget "LoadingOverlay" */ = {
			isa = XCConfigurationList;
			buildConfigurations = (
				766A70C02290A22600294C0C /* Debug */,
				766A70C12290A22600294C0C /* Release */,
			);
			defaultConfigurationIsVisible = 0;
			defaultConfigurationName = Release;
		};
/* End XCConfigurationList section */
	};
	rootObject = 766A70A52290A22300294C0C /* Project object */;
}
